// !$*UTF8*$!
{
	archiveVersion = 1;
	classes = {
	};
	objectVersion = 46;
	objects = {

/* Begin PBXBuildFile section */
		2D1378B21AFE44D500E10736 /* main.m in Sources */ = {isa = PBXBuildFile; fileRef = 2D1378B11AFE44D500E10736 /* main.m */; };
		2D1378B51AFE44D500E10736 /* AppDelegate.m in Sources */ = {isa = PBXBuildFile; fileRef = 2D1378B41AFE44D500E10736 /* AppDelegate.m */; };
		2D1378B81AFE44D500E10736 /* ViewController.m in Sources */ = {isa = PBXBuildFile; fileRef = 2D1378B71AFE44D500E10736 /* ViewController.m */; };
		2D1378BB1AFE44D500E10736 /* Main.storyboard in Resources */ = {isa = PBXBuildFile; fileRef = 2D1378B91AFE44D500E10736 /* Main.storyboard */; };
		2D1378BD1AFE44D500E10736 /* Images.xcassets in Resources */ = {isa = PBXBuildFile; fileRef = 2D1378BC1AFE44D500E10736 /* Images.xcassets */; };
		2D1378C01AFE44D500E10736 /* LaunchScreen.xib in Resources */ = {isa = PBXBuildFile; fileRef = 2D1378BE1AFE44D500E10736 /* LaunchScreen.xib */; };
		2D1378CC1AFE44D500E10736 /* QuizerAppTests.m in Sources */ = {isa = PBXBuildFile; fileRef = 2D1378CB1AFE44D500E10736 /* QuizerAppTests.m */; };
		C64B638E1AFE92320017E001 /* Signika-Bold.ttf in Resources */ = {isa = PBXBuildFile; fileRef = C64B638A1AFE92320017E001 /* Signika-Bold.ttf */; };
		C64B638F1AFE92320017E001 /* Signika-Light.ttf in Resources */ = {isa = PBXBuildFile; fileRef = C64B638B1AFE92320017E001 /* Signika-Light.ttf */; };
		C64B63901AFE92320017E001 /* Signika-Regular.ttf in Resources */ = {isa = PBXBuildFile; fileRef = C64B638C1AFE92320017E001 /* Signika-Regular.ttf */; };
		C64B63911AFE92320017E001 /* Signika-Semibold.ttf in Resources */ = {isa = PBXBuildFile; fileRef = C64B638D1AFE92320017E001 /* Signika-Semibold.ttf */; };
		C6F47A9C1AFEF798004010E0 /* back.png in Resources */ = {isa = PBXBuildFile; fileRef = C6F47A901AFEF798004010E0 /* back.png */; };
		C6F47A9D1AFEF798004010E0 /* back@2x.png in Resources */ = {isa = PBXBuildFile; fileRef = C6F47A911AFEF798004010E0 /* back@2x.png */; };
		C6F47A9E1AFEF798004010E0 /* back@3x.png in Resources */ = {isa = PBXBuildFile; fileRef = C6F47A921AFEF798004010E0 /* back@3x.png */; };
		C6F47A9F1AFEF798004010E0 /* correct.png in Resources */ = {isa = PBXBuildFile; fileRef = C6F47A931AFEF798004010E0 /* correct.png */; };
		C6F47AA01AFEF798004010E0 /* correct@2x.png in Resources */ = {isa = PBXBuildFile; fileRef = C6F47A941AFEF798004010E0 /* correct@2x.png */; };
		C6F47AA11AFEF798004010E0 /* correct@3x.png in Resources */ = {isa = PBXBuildFile; fileRef = C6F47A951AFEF798004010E0 /* correct@3x.png */; };
		C6F47AA21AFEF798004010E0 /* leaderboard.png in Resources */ = {isa = PBXBuildFile; fileRef = C6F47A961AFEF798004010E0 /* leaderboard.png */; };
		C6F47AA31AFEF798004010E0 /* leaderboard@2x.png in Resources */ = {isa = PBXBuildFile; fileRef = C6F47A971AFEF798004010E0 /* leaderboard@2x.png */; };
		C6F47AA41AFEF798004010E0 /* leaderboard@3x.png in Resources */ = {isa = PBXBuildFile; fileRef = C6F47A981AFEF798004010E0 /* leaderboard@3x.png */; };
		C6F47AA51AFEF798004010E0 /* wrong.png in Resources */ = {isa = PBXBuildFile; fileRef = C6F47A991AFEF798004010E0 /* wrong.png */; };
		C6F47AA61AFEF798004010E0 /* wrong@2x.png in Resources */ = {isa = PBXBuildFile; fileRef = C6F47A9A1AFEF798004010E0 /* wrong@2x.png */; };
		C6F47AA71AFEF798004010E0 /* wrong@3x.png in Resources */ = {isa = PBXBuildFile; fileRef = C6F47A9B1AFEF798004010E0 /* wrong@3x.png */; };
		CD3E3DF456D53E37FD2F603B /* libPods.a in Frameworks */ = {isa = PBXBuildFile; fileRef = FE284519BAF7556A315F9979 /* libPods.a */; };
		EAF4A1BA1AFE6B73000C8A57 /* NetworkManager.m in Sources */ = {isa = PBXBuildFile; fileRef = EAF4A1B91AFE6B73000C8A57 /* NetworkManager.m */; };
		EAF4A1BE1AFE6BAF000C8A57 /* Question.m in Sources */ = {isa = PBXBuildFile; fileRef = EAF4A1BD1AFE6BAF000C8A57 /* Question.m */; };
/* End PBXBuildFile section */

/* Begin PBXContainerItemProxy section */
		2D1378C61AFE44D500E10736 /* PBXContainerItemProxy */ = {
			isa = PBXContainerItemProxy;
			containerPortal = 2D1378A41AFE44D500E10736 /* Project object */;
			proxyType = 1;
			remoteGlobalIDString = 2D1378AB1AFE44D500E10736;
			remoteInfo = QuizerApp;
		};
/* End PBXContainerItemProxy section */

/* Begin PBXFileReference section */
		2D1378AC1AFE44D500E10736 /* QuizerApp.app */ = {isa = PBXFileReference; explicitFileType = wrapper.application; includeInIndex = 0; path = QuizerApp.app; sourceTree = BUILT_PRODUCTS_DIR; };
		2D1378B01AFE44D500E10736 /* Info.plist */ = {isa = PBXFileReference; lastKnownFileType = text.plist.xml; path = Info.plist; sourceTree = "<group>"; };
		2D1378B11AFE44D500E10736 /* main.m */ = {isa = PBXFileReference; lastKnownFileType = sourcecode.c.objc; path = main.m; sourceTree = "<group>"; };
		2D1378B31AFE44D500E10736 /* AppDelegate.h */ = {isa = PBXFileReference; lastKnownFileType = sourcecode.c.h; path = AppDelegate.h; sourceTree = "<group>"; };
		2D1378B41AFE44D500E10736 /* AppDelegate.m */ = {isa = PBXFileReference; lastKnownFileType = sourcecode.c.objc; path = AppDelegate.m; sourceTree = "<group>"; };
		2D1378B61AFE44D500E10736 /* ViewController.h */ = {isa = PBXFileReference; lastKnownFileType = sourcecode.c.h; path = ViewController.h; sourceTree = "<group>"; };
		2D1378B71AFE44D500E10736 /* ViewController.m */ = {isa = PBXFileReference; lastKnownFileType = sourcecode.c.objc; path = ViewController.m; sourceTree = "<group>"; };
		2D1378BA1AFE44D500E10736 /* Base */ = {isa = PBXFileReference; lastKnownFileType = file.storyboard; name = Base; path = Base.lproj/Main.storyboard; sourceTree = "<group>"; };
		2D1378BC1AFE44D500E10736 /* Images.xcassets */ = {isa = PBXFileReference; lastKnownFileType = folder.assetcatalog; path = Images.xcassets; sourceTree = "<group>"; };
		2D1378BF1AFE44D500E10736 /* Base */ = {isa = PBXFileReference; lastKnownFileType = file.xib; name = Base; path = Base.lproj/LaunchScreen.xib; sourceTree = "<group>"; };
		2D1378C51AFE44D500E10736 /* QuizerAppTests.xctest */ = {isa = PBXFileReference; explicitFileType = wrapper.cfbundle; includeInIndex = 0; path = QuizerAppTests.xctest; sourceTree = BUILT_PRODUCTS_DIR; };
		2D1378CA1AFE44D500E10736 /* Info.plist */ = {isa = PBXFileReference; lastKnownFileType = text.plist.xml; path = Info.plist; sourceTree = "<group>"; };
		2D1378CB1AFE44D500E10736 /* QuizerAppTests.m */ = {isa = PBXFileReference; lastKnownFileType = sourcecode.c.objc; path = QuizerAppTests.m; sourceTree = "<group>"; };
		53172630AAF150BC2E60B310 /* Pods.debug.xcconfig */ = {isa = PBXFileReference; includeInIndex = 1; lastKnownFileType = text.xcconfig; name = Pods.debug.xcconfig; path = "Pods/Target Support Files/Pods/Pods.debug.xcconfig"; sourceTree = "<group>"; };
		C64B638A1AFE92320017E001 /* Signika-Bold.ttf */ = {isa = PBXFileReference; lastKnownFileType = file; path = "Signika-Bold.ttf"; sourceTree = "<group>"; };
		C64B638B1AFE92320017E001 /* Signika-Light.ttf */ = {isa = PBXFileReference; lastKnownFileType = file; path = "Signika-Light.ttf"; sourceTree = "<group>"; };
		C64B638C1AFE92320017E001 /* Signika-Regular.ttf */ = {isa = PBXFileReference; lastKnownFileType = file; path = "Signika-Regular.ttf"; sourceTree = "<group>"; };
		C64B638D1AFE92320017E001 /* Signika-Semibold.ttf */ = {isa = PBXFileReference; lastKnownFileType = file; path = "Signika-Semibold.ttf"; sourceTree = "<group>"; };
		C6F47A901AFEF798004010E0 /* back.png */ = {isa = PBXFileReference; lastKnownFileType = image.png; path = back.png; sourceTree = "<group>"; };
		C6F47A911AFEF798004010E0 /* back@2x.png */ = {isa = PBXFileReference; lastKnownFileType = image.png; path = "back@2x.png"; sourceTree = "<group>"; };
		C6F47A921AFEF798004010E0 /* back@3x.png */ = {isa = PBXFileReference; lastKnownFileType = image.png; path = "back@3x.png"; sourceTree = "<group>"; };
		C6F47A931AFEF798004010E0 /* correct.png */ = {isa = PBXFileReference; lastKnownFileType = image.png; path = correct.png; sourceTree = "<group>"; };
		C6F47A941AFEF798004010E0 /* correct@2x.png */ = {isa = PBXFileReference; lastKnownFileType = image.png; path = "correct@2x.png"; sourceTree = "<group>"; };
		C6F47A951AFEF798004010E0 /* correct@3x.png */ = {isa = PBXFileReference; lastKnownFileType = image.png; path = "correct@3x.png"; sourceTree = "<group>"; };
		C6F47A961AFEF798004010E0 /* leaderboard.png */ = {isa = PBXFileReference; lastKnownFileType = image.png; path = leaderboard.png; sourceTree = "<group>"; };
		C6F47A971AFEF798004010E0 /* leaderboard@2x.png */ = {isa = PBXFileReference; lastKnownFileType = image.png; path = "leaderboard@2x.png"; sourceTree = "<group>"; };
		C6F47A981AFEF798004010E0 /* leaderboard@3x.png */ = {isa = PBXFileReference; lastKnownFileType = image.png; path = "leaderboard@3x.png"; sourceTree = "<group>"; };
		C6F47A991AFEF798004010E0 /* wrong.png */ = {isa = PBXFileReference; lastKnownFileType = image.png; path = wrong.png; sourceTree = "<group>"; };
		C6F47A9A1AFEF798004010E0 /* wrong@2x.png */ = {isa = PBXFileReference; lastKnownFileType = image.png; path = "wrong@2x.png"; sourceTree = "<group>"; };
		C6F47A9B1AFEF798004010E0 /* wrong@3x.png */ = {isa = PBXFileReference; lastKnownFileType = image.png; path = "wrong@3x.png"; sourceTree = "<group>"; };
		EAF4A1B81AFE6B73000C8A57 /* NetworkManager.h */ = {isa = PBXFileReference; fileEncoding = 4; lastKnownFileType = sourcecode.c.h; name = NetworkManager.h; path = Network/NetworkManager.h; sourceTree = "<group>"; };
		EAF4A1B91AFE6B73000C8A57 /* NetworkManager.m */ = {isa = PBXFileReference; fileEncoding = 4; lastKnownFileType = sourcecode.c.objc; name = NetworkManager.m; path = Network/NetworkManager.m; sourceTree = "<group>"; };
		EAF4A1BC1AFE6BAF000C8A57 /* Question.h */ = {isa = PBXFileReference; fileEncoding = 4; lastKnownFileType = sourcecode.c.h; name = Question.h; path = Model/Question.h; sourceTree = "<group>"; };
		EAF4A1BD1AFE6BAF000C8A57 /* Question.m */ = {isa = PBXFileReference; fileEncoding = 4; lastKnownFileType = sourcecode.c.objc; name = Question.m; path = Model/Question.m; sourceTree = "<group>"; };
		F938CE1CEA72A9AC7B75D202 /* Pods.release.xcconfig */ = {isa = PBXFileReference; includeInIndex = 1; lastKnownFileType = text.xcconfig; name = Pods.release.xcconfig; path = "Pods/Target Support Files/Pods/Pods.release.xcconfig"; sourceTree = "<group>"; };
		FE284519BAF7556A315F9979 /* libPods.a */ = {isa = PBXFileReference; explicitFileType = archive.ar; includeInIndex = 0; path = libPods.a; sourceTree = BUILT_PRODUCTS_DIR; };
/* End PBXFileReference section */

/* Begin PBXFrameworksBuildPhase section */
		2D1378A91AFE44D500E10736 /* Frameworks */ = {
			isa = PBXFrameworksBuildPhase;
			buildActionMask = 2147483647;
			files = (
				CD3E3DF456D53E37FD2F603B /* libPods.a in Frameworks */,
			);
			runOnlyForDeploymentPostprocessing = 0;
		};
		2D1378C21AFE44D500E10736 /* Frameworks */ = {
			isa = PBXFrameworksBuildPhase;
			buildActionMask = 2147483647;
			files = (
			);
			runOnlyForDeploymentPostprocessing = 0;
		};
/* End PBXFrameworksBuildPhase section */

/* Begin PBXGroup section */
		2D1378A31AFE44D500E10736 = {
			isa = PBXGroup;
			children = (
				2D1378AE1AFE44D500E10736 /* QuizerApp */,
				2D1378C81AFE44D500E10736 /* QuizerAppTests */,
				2D1378AD1AFE44D500E10736 /* Products */,
				C06A95B3E3D57C4236907521 /* Pods */,
				A234A02EBC61D1144466AB75 /* Frameworks */,
			);
			sourceTree = "<group>";
		};
		2D1378AD1AFE44D500E10736 /* Products */ = {
			isa = PBXGroup;
			children = (
				2D1378AC1AFE44D500E10736 /* QuizerApp.app */,
				2D1378C51AFE44D500E10736 /* QuizerAppTests.xctest */,
			);
			name = Products;
			sourceTree = "<group>";
		};
		2D1378AE1AFE44D500E10736 /* QuizerApp */ = {
			isa = PBXGroup;
			children = (
				C64B63881AFE92320017E001 /* Resources */,
				EAF4A1BB1AFE6B92000C8A57 /* Model */,
				EAF4A1AC1AFE5A5E000C8A57 /* Network */,
				2D1378B31AFE44D500E10736 /* AppDelegate.h */,
				2D1378B41AFE44D500E10736 /* AppDelegate.m */,
				2D1378B61AFE44D500E10736 /* ViewController.h */,
				2D1378B71AFE44D500E10736 /* ViewController.m */,
				2D1378B91AFE44D500E10736 /* Main.storyboard */,
				2D1378BC1AFE44D500E10736 /* Images.xcassets */,
				2D1378BE1AFE44D500E10736 /* LaunchScreen.xib */,
				2D1378AF1AFE44D500E10736 /* Supporting Files */,
			);
			path = QuizerApp;
			sourceTree = "<group>";
		};
		2D1378AF1AFE44D500E10736 /* Supporting Files */ = {
			isa = PBXGroup;
			children = (
				2D1378B01AFE44D500E10736 /* Info.plist */,
				2D1378B11AFE44D500E10736 /* main.m */,
			);
			name = "Supporting Files";
			sourceTree = "<group>";
		};
		2D1378C81AFE44D500E10736 /* QuizerAppTests */ = {
			isa = PBXGroup;
			children = (
				2D1378CB1AFE44D500E10736 /* QuizerAppTests.m */,
				2D1378C91AFE44D500E10736 /* Supporting Files */,
			);
			path = QuizerAppTests;
			sourceTree = "<group>";
		};
		2D1378C91AFE44D500E10736 /* Supporting Files */ = {
			isa = PBXGroup;
			children = (
				2D1378CA1AFE44D500E10736 /* Info.plist */,
			);
			name = "Supporting Files";
			sourceTree = "<group>";
		};
		A234A02EBC61D1144466AB75 /* Frameworks */ = {
			isa = PBXGroup;
			children = (
				FE284519BAF7556A315F9979 /* libPods.a */,
			);
			name = Frameworks;
			sourceTree = "<group>";
		};
		C06A95B3E3D57C4236907521 /* Pods */ = {
			isa = PBXGroup;
			children = (
				53172630AAF150BC2E60B310 /* Pods.debug.xcconfig */,
				F938CE1CEA72A9AC7B75D202 /* Pods.release.xcconfig */,
			);
			name = Pods;
			sourceTree = "<group>";
		};
		C64B63881AFE92320017E001 /* Resources */ = {
			isa = PBXGroup;
			children = (
				C6F47A8F1AFEF798004010E0 /* Images */,
				C64B63891AFE92320017E001 /* Fonts */,
			);
			path = Resources;
			sourceTree = "<group>";
		};
		C64B63891AFE92320017E001 /* Fonts */ = {
			isa = PBXGroup;
			children = (
				C64B638A1AFE92320017E001 /* Signika-Bold.ttf */,
				C64B638B1AFE92320017E001 /* Signika-Light.ttf */,
				C64B638C1AFE92320017E001 /* Signika-Regular.ttf */,
				C64B638D1AFE92320017E001 /* Signika-Semibold.ttf */,
			);
			path = Fonts;
			sourceTree = "<group>";
		};
		C6F47A8F1AFEF798004010E0 /* Images */ = {
			isa = PBXGroup;
			children = (
				C6F47A901AFEF798004010E0 /* back.png */,
				C6F47A911AFEF798004010E0 /* back@2x.png */,
				C6F47A921AFEF798004010E0 /* back@3x.png */,
				C6F47A931AFEF798004010E0 /* correct.png */,
				C6F47A941AFEF798004010E0 /* correct@2x.png */,
				C6F47A951AFEF798004010E0 /* correct@3x.png */,
				C6F47A961AFEF798004010E0 /* leaderboard.png */,
				C6F47A971AFEF798004010E0 /* leaderboard@2x.png */,
				C6F47A981AFEF798004010E0 /* leaderboard@3x.png */,
				C6F47A991AFEF798004010E0 /* wrong.png */,
				C6F47A9A1AFEF798004010E0 /* wrong@2x.png */,
				C6F47A9B1AFEF798004010E0 /* wrong@3x.png */,
			);
			path = Images;
			sourceTree = "<group>";
		};
		EAF4A1AC1AFE5A5E000C8A57 /* Network */ = {
			isa = PBXGroup;
			children = (
				EAF4A1B81AFE6B73000C8A57 /* NetworkManager.h */,
				EAF4A1B91AFE6B73000C8A57 /* NetworkManager.m */,
			);
			name = Network;
			sourceTree = "<group>";
		};
		EAF4A1BB1AFE6B92000C8A57 /* Model */ = {
			isa = PBXGroup;
			children = (
				EAF4A1BC1AFE6BAF000C8A57 /* Question.h */,
				EAF4A1BD1AFE6BAF000C8A57 /* Question.m */,
			);
			name = Model;
			sourceTree = "<group>";
		};
/* End PBXGroup section */

/* Begin PBXNativeTarget section */
		2D1378AB1AFE44D500E10736 /* QuizerApp */ = {
			isa = PBXNativeTarget;
			buildConfigurationList = 2D1378CF1AFE44D500E10736 /* Build configuration list for PBXNativeTarget "QuizerApp" */;
			buildPhases = (
				9372CBD2F931699D4ABD44BF /* Check Pods Manifest.lock */,
				2D1378A81AFE44D500E10736 /* Sources */,
				2D1378A91AFE44D500E10736 /* Frameworks */,
				2D1378AA1AFE44D500E10736 /* Resources */,
				DCCF0D8DE89B7D688C8799A7 /* Copy Pods Resources */,
			);
			buildRules = (
			);
			dependencies = (
			);
			name = QuizerApp;
			productName = QuizerApp;
			productReference = 2D1378AC1AFE44D500E10736 /* QuizerApp.app */;
			productType = "com.apple.product-type.application";
		};
		2D1378C41AFE44D500E10736 /* QuizerAppTests */ = {
			isa = PBXNativeTarget;
			buildConfigurationList = 2D1378D21AFE44D500E10736 /* Build configuration list for PBXNativeTarget "QuizerAppTests" */;
			buildPhases = (
				2D1378C11AFE44D500E10736 /* Sources */,
				2D1378C21AFE44D500E10736 /* Frameworks */,
				2D1378C31AFE44D500E10736 /* Resources */,
			);
			buildRules = (
			);
			dependencies = (
				2D1378C71AFE44D500E10736 /* PBXTargetDependency */,
			);
			name = QuizerAppTests;
			productName = QuizerAppTests;
			productReference = 2D1378C51AFE44D500E10736 /* QuizerAppTests.xctest */;
			productType = "com.apple.product-type.bundle.unit-test";
		};
/* End PBXNativeTarget section */

/* Begin PBXProject section */
		2D1378A41AFE44D500E10736 /* Project object */ = {
			isa = PBXProject;
			attributes = {
				LastUpgradeCheck = 0630;
				ORGANIZATIONNAME = Bala;
				TargetAttributes = {
					2D1378AB1AFE44D500E10736 = {
						CreatedOnToolsVersion = 6.3.1;
					};
					2D1378C41AFE44D500E10736 = {
						CreatedOnToolsVersion = 6.3.1;
						TestTargetID = 2D1378AB1AFE44D500E10736;
					};
				};
			};
			buildConfigurationList = 2D1378A71AFE44D500E10736 /* Build configuration list for PBXProject "QuizerApp" */;
			compatibilityVersion = "Xcode 3.2";
			developmentRegion = English;
			hasScannedForEncodings = 0;
			knownRegions = (
				en,
				Base,
			);
			mainGroup = 2D1378A31AFE44D500E10736;
			productRefGroup = 2D1378AD1AFE44D500E10736 /* Products */;
			projectDirPath = "";
			projectRoot = "";
			targets = (
				2D1378AB1AFE44D500E10736 /* QuizerApp */,
				2D1378C41AFE44D500E10736 /* QuizerAppTests */,
			);
		};
/* End PBXProject section */

/* Begin PBXResourcesBuildPhase section */
		2D1378AA1AFE44D500E10736 /* Resources */ = {
			isa = PBXResourcesBuildPhase;
			buildActionMask = 2147483647;
			files = (
				C6F47A9E1AFEF798004010E0 /* back@3x.png in Resources */,
				C6F47AA21AFEF798004010E0 /* leaderboard.png in Resources */,
				C64B638E1AFE92320017E001 /* Signika-Bold.ttf in Resources */,
				C64B638F1AFE92320017E001 /* Signika-Light.ttf in Resources */,
				2D1378BB1AFE44D500E10736 /* Main.storyboard in Resources */,
				C6F47AA41AFEF798004010E0 /* leaderboard@3x.png in Resources */,
				C6F47AA61AFEF798004010E0 /* wrong@2x.png in Resources */,
				2D1378C01AFE44D500E10736 /* LaunchScreen.xib in Resources */,
				C6F47AA31AFEF798004010E0 /* leaderboard@2x.png in Resources */,
				C6F47AA11AFEF798004010E0 /* correct@3x.png in Resources */,
				C6F47AA51AFEF798004010E0 /* wrong.png in Resources */,
				C6F47A9C1AFEF798004010E0 /* back.png in Resources */,
				C6F47A9D1AFEF798004010E0 /* back@2x.png in Resources */,
				C64B63911AFE92320017E001 /* Signika-Semibold.ttf in Resources */,
				C6F47AA71AFEF798004010E0 /* wrong@3x.png in Resources */,
				C64B63901AFE92320017E001 /* Signika-Regular.ttf in Resources */,
				C6F47AA01AFEF798004010E0 /* correct@2x.png in Resources */,
				2D1378BD1AFE44D500E10736 /* Images.xcassets in Resources */,
				C6F47A9F1AFEF798004010E0 /* correct.png in Resources */,
			);
			runOnlyForDeploymentPostprocessing = 0;
		};
		2D1378C31AFE44D500E10736 /* Resources */ = {
			isa = PBXResourcesBuildPhase;
			buildActionMask = 2147483647;
			files = (
			);
			runOnlyForDeploymentPostprocessing = 0;
		};
/* End PBXResourcesBuildPhase section */

/* Begin PBXShellScriptBuildPhase section */
		9372CBD2F931699D4ABD44BF /* Check Pods Manifest.lock */ = {
			isa = PBXShellScriptBuildPhase;
			buildActionMask = 2147483647;
			files = (
			);
			inputPaths = (
			);
			name = "Check Pods Manifest.lock";
			outputPaths = (
			);
			runOnlyForDeploymentPostprocessing = 0;
			shellPath = /bin/sh;
			shellScript = "diff \"${PODS_ROOT}/../Podfile.lock\" \"${PODS_ROOT}/Manifest.lock\" > /dev/null\nif [[ $? != 0 ]] ; then\n    cat << EOM\nerror: The sandbox is not in sync with the Podfile.lock. Run 'pod install' or update your CocoaPods installation.\nEOM\n    exit 1\nfi\n";
			showEnvVarsInLog = 0;
		};
		DCCF0D8DE89B7D688C8799A7 /* Copy Pods Resources */ = {
			isa = PBXShellScriptBuildPhase;
			buildActionMask = 2147483647;
			files = (
			);
			inputPaths = (
			);
			name = "Copy Pods Resources";
			outputPaths = (
			);
			runOnlyForDeploymentPostprocessing = 0;
			shellPath = /bin/sh;
			shellScript = "\"${SRCROOT}/Pods/Target Support Files/Pods/Pods-resources.sh\"\n";
			showEnvVarsInLog = 0;
		};
/* End PBXShellScriptBuildPhase section */

/* Begin PBXSourcesBuildPhase section */
		2D1378A81AFE44D500E10736 /* Sources */ = {
			isa = PBXSourcesBuildPhase;
			buildActionMask = 2147483647;
			files = (
				EAF4A1BA1AFE6B73000C8A57 /* NetworkManager.m in Sources */,
				2D1378B81AFE44D500E10736 /* ViewController.m in Sources */,
				EAF4A1BE1AFE6BAF000C8A57 /* Question.m in Sources */,
				2D1378B51AFE44D500E10736 /* AppDelegate.m in Sources */,
				2D1378B21AFE44D500E10736 /* main.m in Sources */,
			);
			runOnlyForDeploymentPostprocessing = 0;
		};
		2D1378C11AFE44D500E10736 /* Sources */ = {
			isa = PBXSourcesBuildPhase;
			buildActionMask = 2147483647;
			files = (
				2D1378CC1AFE44D500E10736 /* QuizerAppTests.m in Sources */,
			);
			runOnlyForDeploymentPostprocessing = 0;
		};
/* End PBXSourcesBuildPhase section */

/* Begin PBXTargetDependency section */
		2D1378C71AFE44D500E10736 /* PBXTargetDependency */ = {
			isa = PBXTargetDependency;
			target = 2D1378AB1AFE44D500E10736 /* QuizerApp */;
			targetProxy = 2D1378C61AFE44D500E10736 /* PBXContainerItemProxy */;
		};
/* End PBXTargetDependency section */

/* Begin PBXVariantGroup section */
		2D1378B91AFE44D500E10736 /* Main.storyboard */ = {
			isa = PBXVariantGroup;
			children = (
				2D1378BA1AFE44D500E10736 /* Base */,
			);
			name = Main.storyboard;
			sourceTree = "<group>";
		};
		2D1378BE1AFE44D500E10736 /* LaunchScreen.xib */ = {
			isa = PBXVariantGroup;
			children = (
				2D1378BF1AFE44D500E10736 /* Base */,
			);
			name = LaunchScreen.xib;
			sourceTree = "<group>";
		};
/* End PBXVariantGroup section */

/* Begin XCBuildConfiguration section */
		2D1378CD1AFE44D500E10736 /* Debug */ = {
			isa = XCBuildConfiguration;
			buildSettings = {
				ALWAYS_SEARCH_USER_PATHS = NO;
				CLANG_CXX_LANGUAGE_STANDARD = "gnu++0x";
				CLANG_CXX_LIBRARY = "libc++";
				CLANG_ENABLE_MODULES = YES;
				CLANG_ENABLE_OBJC_ARC = YES;
				CLANG_WARN_BOOL_CONVERSION = YES;
				CLANG_WARN_CONSTANT_CONVERSION = YES;
				CLANG_WARN_DIRECT_OBJC_ISA_USAGE = YES_ERROR;
				CLANG_WARN_EMPTY_BODY = YES;
				CLANG_WARN_ENUM_CONVERSION = YES;
				CLANG_WARN_INT_CONVERSION = YES;
				CLANG_WARN_OBJC_ROOT_CLASS = YES_ERROR;
				CLANG_WARN_UNREACHABLE_CODE = YES;
				CLANG_WARN__DUPLICATE_METHOD_MATCH = YES;
				"CODE_SIGN_IDENTITY[sdk=iphoneos*]" = "iPhone Developer";
				COPY_PHASE_STRIP = NO;
				DEBUG_INFORMATION_FORMAT = "dwarf-with-dsym";
				ENABLE_STRICT_OBJC_MSGSEND = YES;
				GCC_C_LANGUAGE_STANDARD = gnu99;
				GCC_DYNAMIC_NO_PIC = NO;
				GCC_NO_COMMON_BLOCKS = YES;
				GCC_OPTIMIZATION_LEVEL = 0;
				GCC_PREPROCESSOR_DEFINITIONS = (
					"DEBUG=1",
					"$(inherited)",
				);
				GCC_SYMBOLS_PRIVATE_EXTERN = NO;
				GCC_WARN_64_TO_32_BIT_CONVERSION = YES;
				GCC_WARN_ABOUT_RETURN_TYPE = YES_ERROR;
				GCC_WARN_UNDECLARED_SELECTOR = YES;
				GCC_WARN_UNINITIALIZED_AUTOS = YES_AGGRESSIVE;
				GCC_WARN_UNUSED_FUNCTION = YES;
				GCC_WARN_UNUSED_VARIABLE = YES;
				IPHONEOS_DEPLOYMENT_TARGET = 8.3;
				MTL_ENABLE_DEBUG_INFO = YES;
				ONLY_ACTIVE_ARCH = YES;
				SDKROOT = iphoneos;
			};
			name = Debug;
		};
		2D1378CE1AFE44D500E10736 /* Release */ = {
			isa = XCBuildConfiguration;
			buildSettings = {
				ALWAYS_SEARCH_USER_PATHS = NO;
				CLANG_CXX_LANGUAGE_STANDARD = "gnu++0x";
				CLANG_CXX_LIBRARY = "libc++";
				CLANG_ENABLE_MODULES = YES;
				CLANG_ENABLE_OBJC_ARC = YES;
				CLANG_WARN_BOOL_CONVERSION = YES;
				CLANG_WARN_CONSTANT_CONVERSION = YES;
				CLANG_WARN_DIRECT_OBJC_ISA_USAGE = YES_ERROR;
				CLANG_WARN_EMPTY_BODY = YES;
				CLANG_WARN_ENUM_CONVERSION = YES;
				CLANG_WARN_INT_CONVERSION = YES;
				CLANG_WARN_OBJC_ROOT_CLASS = YES_ERROR;
				CLANG_WARN_UNREACHABLE_CODE = YES;
				CLANG_WARN__DUPLICATE_METHOD_MATCH = YES;
				"CODE_SIGN_IDENTITY[sdk=iphoneos*]" = "iPhone Developer";
				COPY_PHASE_STRIP = NO;
				DEBUG_INFORMATION_FORMAT = "dwarf-with-dsym";
				ENABLE_NS_ASSERTIONS = NO;
				ENABLE_STRICT_OBJC_MSGSEND = YES;
				GCC_C_LANGUAGE_STANDARD = gnu99;
				GCC_NO_COMMON_BLOCKS = YES;
				GCC_WARN_64_TO_32_BIT_CONVERSION = YES;
				GCC_WARN_ABOUT_RETURN_TYPE = YES_ERROR;
				GCC_WARN_UNDECLARED_SELECTOR = YES;
				GCC_WARN_UNINITIALIZED_AUTOS = YES_AGGRESSIVE;
				GCC_WARN_UNUSED_FUNCTION = YES;
				GCC_WARN_UNUSED_VARIABLE = YES;
				IPHONEOS_DEPLOYMENT_TARGET = 8.3;
				MTL_ENABLE_DEBUG_INFO = NO;
				SDKROOT = iphoneos;
				VALIDATE_PRODUCT = YES;
			};
			name = Release;
		};
		2D1378D01AFE44D500E10736 /* Debug */ = {
			isa = XCBuildConfiguration;
			baseConfigurationReference = 53172630AAF150BC2E60B310 /* Pods.debug.xcconfig */;
			buildSettings = {
				ASSETCATALOG_COMPILER_APPICON_NAME = AppIcon;
				INFOPLIST_FILE = QuizerApp/Info.plist;
				LD_RUNPATH_SEARCH_PATHS = "$(inherited) @executable_path/Frameworks";
				PRODUCT_NAME = "$(TARGET_NAME)";
			};
			name = Debug;
		};
		2D1378D11AFE44D500E10736 /* Release */ = {
			isa = XCBuildConfiguration;
			baseConfigurationReference = F938CE1CEA72A9AC7B75D202 /* Pods.release.xcconfig */;
			buildSettings = {
				ASSETCATALOG_COMPILER_APPICON_NAME = AppIcon;
				INFOPLIST_FILE = QuizerApp/Info.plist;
				LD_RUNPATH_SEARCH_PATHS = "$(inherited) @executable_path/Frameworks";
				PRODUCT_NAME = "$(TARGET_NAME)";
			};
			name = Release;
		};
		2D1378D31AFE44D500E10736 /* Debug */ = {
			isa = XCBuildConfiguration;
			buildSettings = {
				BUNDLE_LOADER = "$(TEST_HOST)";
				FRAMEWORK_SEARCH_PATHS = (
					"$(SDKROOT)/Developer/Library/Frameworks",
					"$(inherited)",
				);
				GCC_PREPROCESSOR_DEFINITIONS = (
					"DEBUG=1",
					"$(inherited)",
				);
				INFOPLIST_FILE = QuizerAppTests/Info.plist;
				LD_RUNPATH_SEARCH_PATHS = "$(inherited) @executable_path/Frameworks @loader_path/Frameworks";
				PRODUCT_NAME = "$(TARGET_NAME)";
				TEST_HOST = "$(BUILT_PRODUCTS_DIR)/QuizerApp.app/QuizerApp";
			};
			name = Debug;
		};
		2D1378D41AFE44D500E10736 /* Release */ = {
			isa = XCBuildConfiguration;
			buildSettings = {
				BUNDLE_LOADER = "$(TEST_HOST)";
				FRAMEWORK_SEARCH_PATHS = (
					"$(SDKROOT)/Developer/Library/Frameworks",
					"$(inherited)",
				);
				INFOPLIST_FILE = QuizerAppTests/Info.plist;
				LD_RUNPATH_SEARCH_PATHS = "$(inherited) @executable_path/Frameworks @loader_path/Frameworks";
				PRODUCT_NAME = "$(TARGET_NAME)";
				TEST_HOST = "$(BUILT_PRODUCTS_DIR)/QuizerApp.app/QuizerApp";
			};
			name = Release;
		};
/* End XCBuildConfiguration section */

/* Begin XCConfigurationList section */
		2D1378A71AFE44D500E10736 /* Build configuration list for PBXProject "QuizerApp" */ = {
			isa = XCConfigurationList;
			buildConfigurations = (
				2D1378CD1AFE44D500E10736 /* Debug */,
				2D1378CE1AFE44D500E10736 /* Release */,
			);
			defaultConfigurationIsVisible = 0;
			defaultConfigurationName = Release;
		};
		2D1378CF1AFE44D500E10736 /* Build configuration list for PBXNativeTarget "QuizerApp" */ = {
			isa = XCConfigurationList;
			buildConfigurations = (
				2D1378D01AFE44D500E10736 /* Debug */,
				2D1378D11AFE44D500E10736 /* Release */,
			);
			defaultConfigurationIsVisible = 0;
			defaultConfigurationName = Release;
		};
		2D1378D21AFE44D500E10736 /* Build configuration list for PBXNativeTarget "QuizerAppTests" */ = {
			isa = XCConfigurationList;
			buildConfigurations = (
				2D1378D31AFE44D500E10736 /* Debug */,
				2D1378D41AFE44D500E10736 /* Release */,
			);
			defaultConfigurationIsVisible = 0;
			defaultConfigurationName = Release;
		};
/* End XCConfigurationList section */
	};
	rootObject = 2D1378A41AFE44D500E10736 /* Project object */;
}
